// !$*UTF8*$!
{
	archiveVersion = 1;
	classes = {
	};
	objectVersion = 55;
	objects = {

/* Begin PBXBuildFile section */
		D49E130B27CFD9D200480AD9 /* testingEmbeddedNavApp.swift in Sources */ = {isa = PBXBuildFile; fileRef = D49E130A27CFD9D200480AD9 /* testingEmbeddedNavApp.swift */; };
		D49E130D27CFD9D200480AD9 /* ContentView.swift in Sources */ = {isa = PBXBuildFile; fileRef = D49E130C27CFD9D200480AD9 /* ContentView.swift */; };
		D49E130F27CFD9D500480AD9 /* Assets.xcassets in Resources */ = {isa = PBXBuildFile; fileRef = D49E130E27CFD9D500480AD9 /* Assets.xcassets */; };
		D49E131227CFD9D500480AD9 /* Preview Assets.xcassets in Resources */ = {isa = PBXBuildFile; fileRef = D49E131127CFD9D500480AD9 /* Preview Assets.xcassets */; };
		D49E131927CFD9FC00480AD9 /* NestedView.swift in Sources */ = {isa = PBXBuildFile; fileRef = D49E131827CFD9FC00480AD9 /* NestedView.swift */; };
		D49E135727CFF4CD00480AD9 /* FilesViewController.swift in Sources */ = {isa = PBXBuildFile; fileRef = D49E135627CFF4CD00480AD9 /* FilesViewController.swift */; };
		D49E135B27D0D1C700480AD9 /* NestedView_SwiftUI.swift in Sources */ = {isa = PBXBuildFile; fileRef = D49E135A27D0D1C700480AD9 /* NestedView_SwiftUI.swift */; };
		D49E135D27D0D5EE00480AD9 /* FileView.swift in Sources */ = {isa = PBXBuildFile; fileRef = D49E135C27D0D5ED00480AD9 /* FileView.swift */; };
		D49E136027D10D7500480AD9 /* AppState.swift in Sources */ = {isa = PBXBuildFile; fileRef = D49E135F27D10D7500480AD9 /* AppState.swift */; };
		D4E6323B27DA5E530049BD18 /* GiphyServiceProtocol.swift in Sources */ = {isa = PBXBuildFile; fileRef = D4E6323A27DA5E530049BD18 /* GiphyServiceProtocol.swift */; };
		D4E6323F27DA5FB30049BD18 /* GiphyService.swift in Sources */ = {isa = PBXBuildFile; fileRef = D4E6323E27DA5FB30049BD18 /* GiphyService.swift */; };
		D4E6324327DA5FED0049BD18 /* GifSearchModel.swift in Sources */ = {isa = PBXBuildFile; fileRef = D4E6324227DA5FED0049BD18 /* GifSearchModel.swift */; };
		D4E6324527DA60080049BD18 /* GifTrendModel.swift in Sources */ = {isa = PBXBuildFile; fileRef = D4E6324427DA60080049BD18 /* GifTrendModel.swift */; };
		D4E6324827DA60290049BD18 /* GifSupportingModels.swift in Sources */ = {isa = PBXBuildFile; fileRef = D4E6324727DA60290049BD18 /* GifSupportingModels.swift */; };
		D4E6324B27DA60A70049BD18 /* APIReponse.swift in Sources */ = {isa = PBXBuildFile; fileRef = D4E6324A27DA60A70049BD18 /* APIReponse.swift */; };
		D4E6324D27DA60B50049BD18 /* Result.swift in Sources */ = {isa = PBXBuildFile; fileRef = D4E6324C27DA60B50049BD18 /* Result.swift */; };
		D4E6325027DA610C0049BD18 /* UrlSessionService.swift in Sources */ = {isa = PBXBuildFile; fileRef = D4E6324F27DA610C0049BD18 /* UrlSessionService.swift */; };
		D4E6325227DA621D0049BD18 /* Gif.swift in Sources */ = {isa = PBXBuildFile; fileRef = D4E6325127DA621D0049BD18 /* Gif.swift */; };
		D4E6325527DA62570049BD18 /* Constants.swift in Sources */ = {isa = PBXBuildFile; fileRef = D4E6325427DA62570049BD18 /* Constants.swift */; };
		D4E6325727DA62CA0049BD18 /* HomeViewModel.swift in Sources */ = {isa = PBXBuildFile; fileRef = D4E6325627DA62CA0049BD18 /* HomeViewModel.swift */; };
		D4F679A127D11A8100F50EF5 /* HomeView.swift in Sources */ = {isa = PBXBuildFile; fileRef = D4F679A027D11A8100F50EF5 /* HomeView.swift */; };
/* End PBXBuildFile section */

/* Begin PBXFileReference section */
		D49E130727CFD9D200480AD9 /* testingEmbeddedNav.app */ = {isa = PBXFileReference; explicitFileType = wrapper.application; includeInIndex = 0; path = testingEmbeddedNav.app; sourceTree = BUILT_PRODUCTS_DIR; };
		D49E130A27CFD9D200480AD9 /* testingEmbeddedNavApp.swift */ = {isa = PBXFileReference; lastKnownFileType = sourcecode.swift; path = testingEmbeddedNavApp.swift; sourceTree = "<group>"; };
		D49E130C27CFD9D200480AD9 /* ContentView.swift */ = {isa = PBXFileReference; lastKnownFileType = sourcecode.swift; path = ContentView.swift; sourceTree = "<group>"; };
		D49E130E27CFD9D500480AD9 /* Assets.xcassets */ = {isa = PBXFileReference; lastKnownFileType = folder.assetcatalog; path = Assets.xcassets; sourceTree = "<group>"; };
		D49E131127CFD9D500480AD9 /* Preview Assets.xcassets */ = {isa = PBXFileReference; lastKnownFileType = folder.assetcatalog; path = "Preview Assets.xcassets"; sourceTree = "<group>"; };
		D49E131827CFD9FC00480AD9 /* NestedView.swift */ = {isa = PBXFileReference; lastKnownFileType = sourcecode.swift; path = NestedView.swift; sourceTree = "<group>"; };
		D49E135627CFF4CD00480AD9 /* FilesViewController.swift */ = {isa = PBXFileReference; lastKnownFileType = sourcecode.swift; path = FilesViewController.swift; sourceTree = "<group>"; };
		D49E135A27D0D1C700480AD9 /* NestedView_SwiftUI.swift */ = {isa = PBXFileReference; lastKnownFileType = sourcecode.swift; path = NestedView_SwiftUI.swift; sourceTree = "<group>"; };
		D49E135C27D0D5ED00480AD9 /* FileView.swift */ = {isa = PBXFileReference; lastKnownFileType = sourcecode.swift; path = FileView.swift; sourceTree = "<group>"; };
		D49E135F27D10D7500480AD9 /* AppState.swift */ = {isa = PBXFileReference; lastKnownFileType = sourcecode.swift; path = AppState.swift; sourceTree = "<group>"; };
		D4E6323A27DA5E530049BD18 /* GiphyServiceProtocol.swift */ = {isa = PBXFileReference; lastKnownFileType = sourcecode.swift; path = GiphyServiceProtocol.swift; sourceTree = "<group>"; };
		D4E6323E27DA5FB30049BD18 /* GiphyService.swift */ = {isa = PBXFileReference; lastKnownFileType = sourcecode.swift; path = GiphyService.swift; sourceTree = "<group>"; };
		D4E6324227DA5FED0049BD18 /* GifSearchModel.swift */ = {isa = PBXFileReference; lastKnownFileType = sourcecode.swift; path = GifSearchModel.swift; sourceTree = "<group>"; };
		D4E6324427DA60080049BD18 /* GifTrendModel.swift */ = {isa = PBXFileReference; lastKnownFileType = sourcecode.swift; path = GifTrendModel.swift; sourceTree = "<group>"; };
		D4E6324727DA60290049BD18 /* GifSupportingModels.swift */ = {isa = PBXFileReference; lastKnownFileType = sourcecode.swift; path = GifSupportingModels.swift; sourceTree = "<group>"; };
		D4E6324A27DA60A70049BD18 /* APIReponse.swift */ = {isa = PBXFileReference; lastKnownFileType = sourcecode.swift; path = APIReponse.swift; sourceTree = "<group>"; };
		D4E6324C27DA60B50049BD18 /* Result.swift */ = {isa = PBXFileReference; lastKnownFileType = sourcecode.swift; path = Result.swift; sourceTree = "<group>"; };
		D4E6324F27DA610C0049BD18 /* UrlSessionService.swift */ = {isa = PBXFileReference; lastKnownFileType = sourcecode.swift; path = UrlSessionService.swift; sourceTree = "<group>"; };
		D4E6325127DA621D0049BD18 /* Gif.swift */ = {isa = PBXFileReference; lastKnownFileType = sourcecode.swift; path = Gif.swift; sourceTree = "<group>"; };
		D4E6325427DA62570049BD18 /* Constants.swift */ = {isa = PBXFileReference; lastKnownFileType = sourcecode.swift; path = Constants.swift; sourceTree = "<group>"; };
		D4E6325627DA62CA0049BD18 /* HomeViewModel.swift */ = {isa = PBXFileReference; lastKnownFileType = sourcecode.swift; path = HomeViewModel.swift; sourceTree = "<group>"; };
		D4F679A027D11A8100F50EF5 /* HomeView.swift */ = {isa = PBXFileReference; lastKnownFileType = sourcecode.swift; path = HomeView.swift; sourceTree = "<group>"; };
/* End PBXFileReference section */

/* Begin PBXFrameworksBuildPhase section */
		D49E130427CFD9D200480AD9 /* Frameworks */ = {
			isa = PBXFrameworksBuildPhase;
			buildActionMask = 2147483647;
			files = (
			);
			runOnlyForDeploymentPostprocessing = 0;
		};
/* End PBXFrameworksBuildPhase section */

/* Begin PBXGroup section */
		D49E12FE27CFD9D200480AD9 = {
			isa = PBXGroup;
			children = (
				D49E130927CFD9D200480AD9 /* testingEmbeddedNav */,
				D49E130827CFD9D200480AD9 /* Products */,
			);
			sourceTree = "<group>";
		};
		D49E130827CFD9D200480AD9 /* Products */ = {
			isa = PBXGroup;
			children = (
				D49E130727CFD9D200480AD9 /* testingEmbeddedNav.app */,
			);
			name = Products;
			sourceTree = "<group>";
		};
		D49E130927CFD9D200480AD9 /* testingEmbeddedNav */ = {
			isa = PBXGroup;
			children = (
				D49E135E27D10D6200480AD9 /* Utility */,
				D49E135927D0D1AF00480AD9 /* SwiftUI */,
				D49E135827D0D19D00480AD9 /* UINavigationController */,
				D49E130A27CFD9D200480AD9 /* testingEmbeddedNavApp.swift */,
				D49E130C27CFD9D200480AD9 /* ContentView.swift */,
				D49E130E27CFD9D500480AD9 /* Assets.xcassets */,
				D49E131027CFD9D500480AD9 /* Preview Content */,
			);
			path = testingEmbeddedNav;
			sourceTree = "<group>";
		};
		D49E131027CFD9D500480AD9 /* Preview Content */ = {
			isa = PBXGroup;
			children = (
				D49E131127CFD9D500480AD9 /* Preview Assets.xcassets */,
			);
			path = "Preview Content";
			sourceTree = "<group>";
		};
		D49E135827D0D19D00480AD9 /* UINavigationController */ = {
			isa = PBXGroup;
			children = (
				D49E131827CFD9FC00480AD9 /* NestedView.swift */,
				D49E135627CFF4CD00480AD9 /* FilesViewController.swift */,
			);
			path = UINavigationController;
			sourceTree = "<group>";
		};
		D49E135927D0D1AF00480AD9 /* SwiftUI */ = {
			isa = PBXGroup;
			children = (
				D4E6325827DA62FA0049BD18 /* Home */,
				D49E135A27D0D1C700480AD9 /* NestedView_SwiftUI.swift */,
				D49E135C27D0D5ED00480AD9 /* FileView.swift */,
			);
			path = SwiftUI;
			sourceTree = "<group>";
		};
		D49E135E27D10D6200480AD9 /* Utility */ = {
			isa = PBXGroup;
			children = (
				D4E6325327DA624F0049BD18 /* Constants */,
				D4E6324E27DA60FC0049BD18 /* UrlSessionService */,
				D4E6324927DA60770049BD18 /* API */,
				D4E6323C27DA5F9A0049BD18 /* Giphy */,
				D49E135F27D10D7500480AD9 /* AppState.swift */,
			);
			path = Utility;
			sourceTree = "<group>";
		};
		D4E6323C27DA5F9A0049BD18 /* Giphy */ = {
			isa = PBXGroup;
			children = (
				D4E6323D27DA5FA10049BD18 /* Models */,
				D4E6323A27DA5E530049BD18 /* GiphyServiceProtocol.swift */,
				D4E6323E27DA5FB30049BD18 /* GiphyService.swift */,
			);
			path = Giphy;
			sourceTree = "<group>";
		};
		D4E6323D27DA5FA10049BD18 /* Models */ = {
			isa = PBXGroup;
			children = (
				D4E6324627DA60140049BD18 /* SupportingModels */,
				D4E6324127DA5FDF0049BD18 /* GifTrendModel */,
				D4E6324027DA5FD60049BD18 /* GifSearchModel */,
				D4E6325127DA621D0049BD18 /* Gif.swift */,
			);
			path = Models;
			sourceTree = "<group>";
		};
		D4E6324027DA5FD60049BD18 /* GifSearchModel */ = {
			isa = PBXGroup;
			children = (
				D4E6324227DA5FED0049BD18 /* GifSearchModel.swift */,
			);
			path = GifSearchModel;
			sourceTree = "<group>";
		};
		D4E6324127DA5FDF0049BD18 /* GifTrendModel */ = {
			isa = PBXGroup;
			children = (
				D4E6324427DA60080049BD18 /* GifTrendModel.swift */,
			);
			path = GifTrendModel;
			sourceTree = "<group>";
		};
		D4E6324627DA60140049BD18 /* SupportingModels */ = {
			isa = PBXGroup;
			children = (
				D4E6324727DA60290049BD18 /* GifSupportingModels.swift */,
			);
			path = SupportingModels;
			sourceTree = "<group>";
		};
		D4E6324927DA60770049BD18 /* API */ = {
			isa = PBXGroup;
			children = (
				D4E6324A27DA60A70049BD18 /* APIReponse.swift */,
				D4E6324C27DA60B50049BD18 /* Result.swift */,
			);
			path = API;
			sourceTree = "<group>";
		};
		D4E6324E27DA60FC0049BD18 /* UrlSessionService */ = {
			isa = PBXGroup;
			children = (
				D4E6324F27DA610C0049BD18 /* UrlSessionService.swift */,
			);
			path = UrlSessionService;
			sourceTree = "<group>";
		};
		D4E6325327DA624F0049BD18 /* Constants */ = {
			isa = PBXGroup;
			children = (
				D4E6325427DA62570049BD18 /* Constants.swift */,
			);
			path = Constants;
			sourceTree = "<group>";
		};
		D4E6325827DA62FA0049BD18 /* Home */ = {
			isa = PBXGroup;
			children = (
				D4F679A027D11A8100F50EF5 /* HomeView.swift */,
				D4E6325627DA62CA0049BD18 /* HomeViewModel.swift */,
			);
			path = Home;
			sourceTree = "<group>";
		};
/* End PBXGroup section */

/* Begin PBXNativeTarget section */
		D49E130627CFD9D200480AD9 /* testingEmbeddedNav */ = {
			isa = PBXNativeTarget;
			buildConfigurationList = D49E131527CFD9D500480AD9 /* Build configuration list for PBXNativeTarget "testingEmbeddedNav" */;
			buildPhases = (
				D49E130327CFD9D200480AD9 /* Sources */,
				D49E130427CFD9D200480AD9 /* Frameworks */,
				D49E130527CFD9D200480AD9 /* Resources */,
			);
			buildRules = (
			);
			dependencies = (
			);
			name = testingEmbeddedNav;
			productName = testingEmbeddedNav;
			productReference = D49E130727CFD9D200480AD9 /* testingEmbeddedNav.app */;
			productType = "com.apple.product-type.application";
		};
/* End PBXNativeTarget section */

/* Begin PBXProject section */
		D49E12FF27CFD9D200480AD9 /* Project object */ = {
			isa = PBXProject;
			attributes = {
				BuildIndependentTargetsInParallel = 1;
				LastSwiftUpdateCheck = 1320;
				LastUpgradeCheck = 1320;
				TargetAttributes = {
					D49E130627CFD9D200480AD9 = {
						CreatedOnToolsVersion = 13.2;
					};
				};
			};
			buildConfigurationList = D49E130227CFD9D200480AD9 /* Build configuration list for PBXProject "testingEmbeddedNav" */;
			compatibilityVersion = "Xcode 13.0";
			developmentRegion = en;
			hasScannedForEncodings = 0;
			knownRegions = (
				en,
				Base,
			);
			mainGroup = D49E12FE27CFD9D200480AD9;
			productRefGroup = D49E130827CFD9D200480AD9 /* Products */;
			projectDirPath = "";
			projectRoot = "";
			targets = (
				D49E130627CFD9D200480AD9 /* testingEmbeddedNav */,
			);
		};
/* End PBXProject section */

/* Begin PBXResourcesBuildPhase section */
		D49E130527CFD9D200480AD9 /* Resources */ = {
			isa = PBXResourcesBuildPhase;
			buildActionMask = 2147483647;
			files = (
				D49E131227CFD9D500480AD9 /* Preview Assets.xcassets in Resources */,
				D49E130F27CFD9D500480AD9 /* Assets.xcassets in Resources */,
			);
			runOnlyForDeploymentPostprocessing = 0;
		};
/* End PBXResourcesBuildPhase section */

/* Begin PBXSourcesBuildPhase section */
		D49E130327CFD9D200480AD9 /* Sources */ = {
			isa = PBXSourcesBuildPhase;
			buildActionMask = 2147483647;
			files = (
				D4E6325727DA62CA0049BD18 /* HomeViewModel.swift in Sources */,
				D49E135D27D0D5EE00480AD9 /* FileView.swift in Sources */,
				D49E135B27D0D1C700480AD9 /* NestedView_SwiftUI.swift in Sources */,
				D49E136027D10D7500480AD9 /* AppState.swift in Sources */,
				D4E6324B27DA60A70049BD18 /* APIReponse.swift in Sources */,
				D4E6324827DA60290049BD18 /* GifSupportingModels.swift in Sources */,
				D49E130D27CFD9D200480AD9 /* ContentView.swift in Sources */,
				D4E6324D27DA60B50049BD18 /* Result.swift in Sources */,
				D4E6323B27DA5E530049BD18 /* GiphyServiceProtocol.swift in Sources */,
				D49E131927CFD9FC00480AD9 /* NestedView.swift in Sources */,
				D4E6325227DA621D0049BD18 /* Gif.swift in Sources */,
				D4E6324527DA60080049BD18 /* GifTrendModel.swift in Sources */,
				D4E6325027DA610C0049BD18 /* UrlSessionService.swift in Sources */,
				D4F679A127D11A8100F50EF5 /* HomeView.swift in Sources */,
				D49E135727CFF4CD00480AD9 /* FilesViewController.swift in Sources */,
				D4E6324327DA5FED0049BD18 /* GifSearchModel.swift in Sources */,
				D49E130B27CFD9D200480AD9 /* testingEmbeddedNavApp.swift in Sources */,
				D4E6323F27DA5FB30049BD18 /* GiphyService.swift in Sources */,
				D4E6325527DA62570049BD18 /* Constants.swift in Sources */,
			);
			runOnlyForDeploymentPostprocessing = 0;
		};
/* End PBXSourcesBuildPhase section */

/* Begin XCBuildConfiguration section */
		D49E131327CFD9D500480AD9 /* Debug */ = {
			isa = XCBuildConfiguration;
			buildSettings = {
				ALWAYS_SEARCH_USER_PATHS = NO;
				CLANG_ANALYZER_NONNULL = YES;
				CLANG_ANALYZER_NUMBER_OBJECT_CONVERSION = YES_AGGRESSIVE;
				CLANG_CXX_LANGUAGE_STANDARD = "gnu++17";
				CLANG_CXX_LIBRARY = "libc++";
				CLANG_ENABLE_MODULES = YES;
				CLANG_ENABLE_OBJC_ARC = YES;
				CLANG_ENABLE_OBJC_WEAK = YES;
				CLANG_WARN_BLOCK_CAPTURE_AUTORELEASING = YES;
				CLANG_WARN_BOOL_CONVERSION = YES;
				CLANG_WARN_COMMA = YES;
				CLANG_WARN_CONSTANT_CONVERSION = YES;
				CLANG_WARN_DEPRECATED_OBJC_IMPLEMENTATIONS = YES;
				CLANG_WARN_DIRECT_OBJC_ISA_USAGE = YES_ERROR;
				CLANG_WARN_DOCUMENTATION_COMMENTS = YES;
				CLANG_WARN_EMPTY_BODY = YES;
				CLANG_WARN_ENUM_CONVERSION = YES;
				CLANG_WARN_INFINITE_RECURSION = YES;
				CLANG_WARN_INT_CONVERSION = YES;
				CLANG_WARN_NON_LITERAL_NULL_CONVERSION = YES;
				CLANG_WARN_OBJC_IMPLICIT_RETAIN_SELF = YES;
				CLANG_WARN_OBJC_LITERAL_CONVERSION = YES;
				CLANG_WARN_OBJC_ROOT_CLASS = YES_ERROR;
				CLANG_WARN_QUOTED_INCLUDE_IN_FRAMEWORK_HEADER = YES;
				CLANG_WARN_RANGE_LOOP_ANALYSIS = YES;
				CLANG_WARN_STRICT_PROTOTYPES = YES;
				CLANG_WARN_SUSPICIOUS_MOVE = YES;
				CLANG_WARN_UNGUARDED_AVAILABILITY = YES_AGGRESSIVE;
				CLANG_WARN_UNREACHABLE_CODE = YES;
				CLANG_WARN__DUPLICATE_METHOD_MATCH = YES;
				COPY_PHASE_STRIP = NO;
				DEBUG_INFORMATION_FORMAT = dwarf;
				ENABLE_STRICT_OBJC_MSGSEND = YES;
				ENABLE_TESTABILITY = YES;
				GCC_C_LANGUAGE_STANDARD = gnu11;
				GCC_DYNAMIC_NO_PIC = NO;
				GCC_NO_COMMON_BLOCKS = YES;
				GCC_OPTIMIZATION_LEVEL = 0;
				GCC_PREPROCESSOR_DEFINITIONS = (
					"DEBUG=1",
					"$(inherited)",
				);
				GCC_WARN_64_TO_32_BIT_CONVERSION = YES;
				GCC_WARN_ABOUT_RETURN_TYPE = YES_ERROR;
				GCC_WARN_UNDECLARED_SELECTOR = YES;
				GCC_WARN_UNINITIALIZED_AUTOS = YES_AGGRESSIVE;
				GCC_WARN_UNUSED_FUNCTION = YES;
				GCC_WARN_UNUSED_VARIABLE = YES;
				IPHONEOS_DEPLOYMENT_TARGET = 15.2;
				MTL_ENABLE_DEBUG_INFO = INCLUDE_SOURCE;
				MTL_FAST_MATH = YES;
				ONLY_ACTIVE_ARCH = YES;
				SDKROOT = iphoneos;
				SWIFT_ACTIVE_COMPILATION_CONDITIONS = DEBUG;
				SWIFT_OPTIMIZATION_LEVEL = "-Onone";
			};
			name = Debug;
		};
		D49E131427CFD9D500480AD9 /* Release */ = {
			isa = XCBuildConfiguration;
			buildSettings = {
				ALWAYS_SEARCH_USER_PATHS = NO;
				CLANG_ANALYZER_NONNULL = YES;
				CLANG_ANALYZER_NUMBER_OBJECT_CONVERSION = YES_AGGRESSIVE;
				CLANG_CXX_LANGUAGE_STANDARD = "gnu++17";
				CLANG_CXX_LIBRARY = "libc++";
				CLANG_ENABLE_MODULES = YES;
				CLANG_ENABLE_OBJC_ARC = YES;
				CLANG_ENABLE_OBJC_WEAK = YES;
				CLANG_WARN_BLOCK_CAPTURE_AUTORELEASING = YES;
				CLANG_WARN_BOOL_CONVERSION = YES;
				CLANG_WARN_COMMA = YES;
				CLANG_WARN_CONSTANT_CONVERSION = YES;
				CLANG_WARN_DEPRECATED_OBJC_IMPLEMENTATIONS = YES;
				CLANG_WARN_DIRECT_OBJC_ISA_USAGE = YES_ERROR;
				CLANG_WARN_DOCUMENTATION_COMMENTS = YES;
				CLANG_WARN_EMPTY_BODY = YES;
				CLANG_WARN_ENUM_CONVERSION = YES;
				CLANG_WARN_INFINITE_RECURSION = YES;
				CLANG_WARN_INT_CONVERSION = YES;
				CLANG_WARN_NON_LITERAL_NULL_CONVERSION = YES;
				CLANG_WARN_OBJC_IMPLICIT_RETAIN_SELF = YES;
				CLANG_WARN_OBJC_LITERAL_CONVERSION = YES;
				CLANG_WARN_OBJC_ROOT_CLASS = YES_ERROR;
				CLANG_WARN_QUOTED_INCLUDE_IN_FRAMEWORK_HEADER = YES;
				CLANG_WARN_RANGE_LOOP_ANALYSIS = YES;
				CLANG_WARN_STRICT_PROTOTYPES = YES;
				CLANG_WARN_SUSPICIOUS_MOVE = YES;
				CLANG_WARN_UNGUARDED_AVAILABILITY = YES_AGGRESSIVE;
				CLANG_WARN_UNREACHABLE_CODE = YES;
				CLANG_WARN__DUPLICATE_METHOD_MATCH = YES;
				COPY_PHASE_STRIP = NO;
				DEBUG_INFORMATION_FORMAT = "dwarf-with-dsym";
				ENABLE_NS_ASSERTIONS = NO;
				ENABLE_STRICT_OBJC_MSGSEND = YES;
				GCC_C_LANGUAGE_STANDARD = gnu11;
				GCC_NO_COMMON_BLOCKS = YES;
				GCC_WARN_64_TO_32_BIT_CONVERSION = YES;
				GCC_WARN_ABOUT_RETURN_TYPE = YES_ERROR;
				GCC_WARN_UNDECLARED_SELECTOR = YES;
				GCC_WARN_UNINITIALIZED_AUTOS = YES_AGGRESSIVE;
				GCC_WARN_UNUSED_FUNCTION = YES;
				GCC_WARN_UNUSED_VARIABLE = YES;
				IPHONEOS_DEPLOYMENT_TARGET = 15.2;
				MTL_ENABLE_DEBUG_INFO = NO;
				MTL_FAST_MATH = YES;
				SDKROOT = iphoneos;
				SWIFT_COMPILATION_MODE = wholemodule;
				SWIFT_OPTIMIZATION_LEVEL = "-O";
				VALIDATE_PRODUCT = YES;
			};
			name = Release;
		};
		D49E131627CFD9D500480AD9 /* Debug */ = {
			isa = XCBuildConfiguration;
			buildSettings = {
				ASSETCATALOG_COMPILER_APPICON_NAME = AppIcon;
				ASSETCATALOG_COMPILER_GLOBAL_ACCENT_COLOR_NAME = AccentColor;
				CODE_SIGN_STYLE = Automatic;
				CURRENT_PROJECT_VERSION = 1;
				DEVELOPMENT_ASSET_PATHS = "\"testingEmbeddedNav/Preview Content\"";
				DEVELOPMENT_TEAM = NY2B63T68P;
				ENABLE_PREVIEWS = YES;
				GENERATE_INFOPLIST_FILE = YES;
				INFOPLIST_KEY_UIApplicationSceneManifest_Generation = YES;
				INFOPLIST_KEY_UIApplicationSupportsIndirectInputEvents = YES;
				INFOPLIST_KEY_UILaunchScreen_Generation = YES;
				INFOPLIST_KEY_UISupportedInterfaceOrientations_iPad = "UIInterfaceOrientationPortrait UIInterfaceOrientationPortraitUpsideDown UIInterfaceOrientationLandscapeLeft UIInterfaceOrientationLandscapeRight";
				INFOPLIST_KEY_UISupportedInterfaceOrientations_iPhone = "UIInterfaceOrientationPortrait UIInterfaceOrientationLandscapeLeft UIInterfaceOrientationLandscapeRight";
				LD_RUNPATH_SEARCH_PATHS = (
					"$(inherited)",
					"@executable_path/Frameworks",
				);
				MARKETING_VERSION = 1.0;
				PRODUCT_BUNDLE_IDENTIFIER = gfdsg.testingEmbeddedNav;
				PRODUCT_NAME = "$(TARGET_NAME)";
				SWIFT_EMIT_LOC_STRINGS = YES;
				SWIFT_VERSION = 5.0;
				TARGETED_DEVICE_FAMILY = "1,2";
			};
			name = Debug;
		};
		D49E131727CFD9D500480AD9 /* Release */ = {
			isa = XCBuildConfiguration;
			buildSettings = {
				ASSETCATALOG_COMPILER_APPICON_NAME = AppIcon;
				ASSETCATALOG_COMPILER_GLOBAL_ACCENT_COLOR_NAME = AccentColor;
				CODE_SIGN_STYLE = Automatic;
				CURRENT_PROJECT_VERSION = 1;
				DEVELOPMENT_ASSET_PATHS = "\"testingEmbeddedNav/Preview Content\"";
				DEVELOPMENT_TEAM = NY2B63T68P;
				ENABLE_PREVIEWS = YES;
				GENERATE_INFOPLIST_FILE = YES;
				INFOPLIST_KEY_UIApplicationSceneManifest_Generation = YES;
				INFOPLIST_KEY_UIApplicationSupportsIndirectInputEvents = YES;
				INFOPLIST_KEY_UILaunchScreen_Generation = YES;
				INFOPLIST_KEY_UISupportedInterfaceOrientations_iPad = "UIInterfaceOrientationPortrait UIInterfaceOrientationPortraitUpsideDown UIInterfaceOrientationLandscapeLeft UIInterfaceOrientationLandscapeRight";
				INFOPLIST_KEY_UISupportedInterfaceOrientations_iPhone = "UIInterfaceOrientationPortrait UIInterfaceOrientationLandscapeLeft UIInterfaceOrientationLandscapeRight";
				LD_RUNPATH_SEARCH_PATHS = (
					"$(inherited)",
					"@executable_path/Frameworks",
				);
				MARKETING_VERSION = 1.0;
				PRODUCT_BUNDLE_IDENTIFIER = gfdsg.testingEmbeddedNav;
				PRODUCT_NAME = "$(TARGET_NAME)";
				SWIFT_EMIT_LOC_STRINGS = YES;
				SWIFT_VERSION = 5.0;
				TARGETED_DEVICE_FAMILY = "1,2";
			};
			name = Release;
		};
/* End XCBuildConfiguration section */

/* Begin XCConfigurationList section */
		D49E130227CFD9D200480AD9 /* Build configuration list for PBXProject "testingEmbeddedNav" */ = {
			isa = XCConfigurationList;
			buildConfigurations = (
				D49E131327CFD9D500480AD9 /* Debug */,
				D49E131427CFD9D500480AD9 /* Release */,
			);
			defaultConfigurationIsVisible = 0;
			defaultConfigurationName = Release;
		};
		D49E131527CFD9D500480AD9 /* Build configuration list for PBXNativeTarget "testingEmbeddedNav" */ = {
			isa = XCConfigurationList;
			buildConfigurations = (
				D49E131627CFD9D500480AD9 /* Debug */,
				D49E131727CFD9D500480AD9 /* Release */,
			);
			defaultConfigurationIsVisible = 0;
			defaultConfigurationName = Release;
		};
/* End XCConfigurationList section */
	};
	rootObject = D49E12FF27CFD9D200480AD9 /* Project object */;
}
